
Microsoft Visual Studio Solution File, Format Version 12.00
# Visual Studio Version 16
VisualStudioVersion = 16.0.31402.337
MinimumVisualStudioVersion = 10.0.40219.1
Project("{FAE04EC0-301F-11D3-BF4B-00C04F79EFBC}") = "WSReclutamiento", "WSReclutamiento\WSReclutamiento.csproj", "{A59F22E8-42A0-4182-BD2A-1DA1128BA370}"
EndProject
Global
	GlobalSection(SolutionConfigurationPlatforms) = preSolution
		Debug|Any CPU = Debug|Any CPU
		Release|Any CPU = Release|Any CPU
	EndGlobalSection
	GlobalSection(ProjectConfigurationPlatforms) = postSolution
		{A59F22E8-42A0-4182-BD2A-1DA1128BA370}.Debug|Any CPU.ActiveCfg = Debug|Any CPU
		{A59F22E8-42A0-4182-BD2A-1DA1128BA370}.Debug|Any CPU.Build.0 = Debug|Any CPU
		{A59F22E8-42A0-4182-BD2A-1DA1128BA370}.Release|Any CPU.ActiveCfg = Release|Any CPU
		{A59F22E8-42A0-4182-BD2A-1DA1128BA370}.Release|Any CPU.Build.0 = Release|Any CPU
	EndGlobalSection
	GlobalSection(SolutionProperties) = preSolution
		HideSolutionNode = FALSE
	EndGlobalSection
	GlobalSection(ExtensibilityGlobals) = postSolution
		SolutionGuid = {65328756-A4A2-49FC-BC15-5E4F811C09E3}
	EndGlobalSection
EndGlobal
